
Microsoft Visual Studio Solution File, Format Version 12.00
# Visual Studio Version 16
VisualStudioVersion = 16.0.34729.46
MinimumVisualStudioVersion = 10.0.40219.1
Project("{FAE04EC0-301F-11D3-BF4B-00C04F79EFBC}") = "EF_20240522", "EF_20240522.csproj", "{BD3BE966-3924-4087-9F8A-8D477841A6DB}"
EndProject
Global
	GlobalSection(SolutionConfigurationPlatforms) = preSolution
		Debug|Any CPU = Debug|Any CPU
		Release|Any CPU = Release|Any CPU
	EndGlobalSection
	GlobalSection(ProjectConfigurationPlatforms) = postSolution
		{BD3BE966-3924-4087-9F8A-8D477841A6DB}.Debug|Any CPU.ActiveCfg = Debug|Any CPU
		{BD3BE966-3924-4087-9F8A-8D477841A6DB}.Debug|Any CPU.Build.0 = Debug|Any CPU
		{BD3BE966-3924-4087-9F8A-8D477841A6DB}.Release|Any CPU.ActiveCfg = Release|Any CPU
		{BD3BE966-3924-4087-9F8A-8D477841A6DB}.Release|Any CPU.Build.0 = Release|Any CPU
	EndGlobalSection
	GlobalSection(SolutionProperties) = preSolution
		HideSolutionNode = FALSE
	EndGlobalSection
	GlobalSection(ExtensibilityGlobals) = postSolution
		SolutionGuid = {AA10DCB8-AE5A-4B1E-BB56-B30E2CD0481E}
	EndGlobalSection
EndGlobal
