
Microsoft Visual Studio Solution File, Format Version 12.00
# Visual Studio Version 17
VisualStudioVersion = 17.14.36705.20 d17.14
MinimumVisualStudioVersion = 10.0.40219.1
Project("{FAE04EC0-301F-11D3-BF4B-00C04F79EFBC}") = "ChristmasTree", "ChristmasTree.csproj", "{C978E4E8-E542-4DCB-912B-ED879A46CC69}"
EndProject
Global
	GlobalSection(SolutionConfigurationPlatforms) = preSolution
		Debug|Any CPU = Debug|Any CPU
		Release|Any CPU = Release|Any CPU
	EndGlobalSection
	GlobalSection(ProjectConfigurationPlatforms) = postSolution
		{C978E4E8-E542-4DCB-912B-ED879A46CC69}.Debug|Any CPU.ActiveCfg = Debug|Any CPU
		{C978E4E8-E542-4DCB-912B-ED879A46CC69}.Debug|Any CPU.Build.0 = Debug|Any CPU
		{C978E4E8-E542-4DCB-912B-ED879A46CC69}.Release|Any CPU.ActiveCfg = Release|Any CPU
		{C978E4E8-E542-4DCB-912B-ED879A46CC69}.Release|Any CPU.Build.0 = Release|Any CPU
	EndGlobalSection
	GlobalSection(SolutionProperties) = preSolution
		HideSolutionNode = FALSE
	EndGlobalSection
	GlobalSection(ExtensibilityGlobals) = postSolution
		SolutionGuid = {6E193673-C70E-4D98-BC6E-B73C9495896B}
	EndGlobalSection
EndGlobal
