
Microsoft Visual Studio Solution File, Format Version 12.00
# Visual Studio Version 17
VisualStudioVersion = 17.7.34031.279
MinimumVisualStudioVersion = 10.0.40219.1
Project("{FAE04EC0-301F-11D3-BF4B-00C04F79EFBC}") = "20230920", "20230920\20230920.csproj", "{DD0E41CD-6A0B-4CC4-9CDC-2E6DB2EDBB24}"
EndProject
Project("{FAE04EC0-301F-11D3-BF4B-00C04F79EFBC}") = "Szamkitalálós", "Szamkitalálós\Szamkitalálós.csproj", "{11781E01-DBC8-4BF2-980C-21A8FD8F03D4}"
EndProject
Project("{FAE04EC0-301F-11D3-BF4B-00C04F79EFBC}") = "ProgTetelek", "ProgTetelek\ProgTetelek.csproj", "{BE762972-0AC5-4F23-A530-B34AFA5CDFEC}"
EndProject
Project("{FAE04EC0-301F-11D3-BF4B-00C04F79EFBC}") = "SzoKitalalo", "SzoKitalalo\SzoKitalalo.csproj", "{15B2901B-5EEC-4AF7-859E-CCABA8C08474}"
EndProject
Project("{FAE04EC0-301F-11D3-BF4B-00C04F79EFBC}") = "20231009", "20231009\20231009.csproj", "{70F34F9B-6AC9-4D6B-90AE-3BFE2DA95A9F}"
EndProject
Project("{FAE04EC0-301F-11D3-BF4B-00C04F79EFBC}") = "KartyaJatek", "KartyaJatek\KartyaJatek.csproj", "{A2498A67-6032-4A42-947E-45ED38138737}"
EndProject
Project("{FAE04EC0-301F-11D3-BF4B-00C04F79EFBC}") = "20231113", "20231113\20231113.csproj", "{E56A7611-2A08-49FD-803E-055E27600D0D}"
EndProject
Project("{FAE04EC0-301F-11D3-BF4B-00C04F79EFBC}") = "20231120", "20231120\20231120.csproj", "{94A9BED5-3443-4C1E-8F0A-9F04758C63F7}"
EndProject
Project("{FAE04EC0-301F-11D3-BF4B-00C04F79EFBC}") = "20231204", "20231204\20231204.csproj", "{00DD0C25-0586-420A-B930-A90BE7347A12}"
EndProject
Project("{FAE04EC0-301F-11D3-BF4B-00C04F79EFBC}") = "20231211", "20231211\20231211.csproj", "{4A57CD19-EFFB-4C68-92B0-8C2703000D35}"
EndProject
Project("{FAE04EC0-301F-11D3-BF4B-00C04F79EFBC}") = "Snake_2024_A", "Snake_2024_A\Snake_2024_A.csproj", "{F05FC3AE-4052-44B9-B3C5-627A5068CC2F}"
EndProject
Project("{FAE04EC0-301F-11D3-BF4B-00C04F79EFBC}") = "PacMan_A", "PacMan_A\PacMan_A.csproj", "{E7CA668A-6B20-487F-B09C-7CC1700C8547}"
EndProject
Global
	GlobalSection(SolutionConfigurationPlatforms) = preSolution
		Debug|Any CPU = Debug|Any CPU
		Release|Any CPU = Release|Any CPU
	EndGlobalSection
	GlobalSection(ProjectConfigurationPlatforms) = postSolution
		{DD0E41CD-6A0B-4CC4-9CDC-2E6DB2EDBB24}.Debug|Any CPU.ActiveCfg = Debug|Any CPU
		{DD0E41CD-6A0B-4CC4-9CDC-2E6DB2EDBB24}.Debug|Any CPU.Build.0 = Debug|Any CPU
		{DD0E41CD-6A0B-4CC4-9CDC-2E6DB2EDBB24}.Release|Any CPU.ActiveCfg = Release|Any CPU
		{DD0E41CD-6A0B-4CC4-9CDC-2E6DB2EDBB24}.Release|Any CPU.Build.0 = Release|Any CPU
		{11781E01-DBC8-4BF2-980C-21A8FD8F03D4}.Debug|Any CPU.ActiveCfg = Debug|Any CPU
		{11781E01-DBC8-4BF2-980C-21A8FD8F03D4}.Debug|Any CPU.Build.0 = Debug|Any CPU
		{11781E01-DBC8-4BF2-980C-21A8FD8F03D4}.Release|Any CPU.ActiveCfg = Release|Any CPU
		{11781E01-DBC8-4BF2-980C-21A8FD8F03D4}.Release|Any CPU.Build.0 = Release|Any CPU
		{BE762972-0AC5-4F23-A530-B34AFA5CDFEC}.Debug|Any CPU.ActiveCfg = Debug|Any CPU
		{BE762972-0AC5-4F23-A530-B34AFA5CDFEC}.Debug|Any CPU.Build.0 = Debug|Any CPU
		{BE762972-0AC5-4F23-A530-B34AFA5CDFEC}.Release|Any CPU.ActiveCfg = Release|Any CPU
		{BE762972-0AC5-4F23-A530-B34AFA5CDFEC}.Release|Any CPU.Build.0 = Release|Any CPU
		{15B2901B-5EEC-4AF7-859E-CCABA8C08474}.Debug|Any CPU.ActiveCfg = Debug|Any CPU
		{15B2901B-5EEC-4AF7-859E-CCABA8C08474}.Debug|Any CPU.Build.0 = Debug|Any CPU
		{15B2901B-5EEC-4AF7-859E-CCABA8C08474}.Release|Any CPU.ActiveCfg = Release|Any CPU
		{15B2901B-5EEC-4AF7-859E-CCABA8C08474}.Release|Any CPU.Build.0 = Release|Any CPU
		{70F34F9B-6AC9-4D6B-90AE-3BFE2DA95A9F}.Debug|Any CPU.ActiveCfg = Debug|Any CPU
		{70F34F9B-6AC9-4D6B-90AE-3BFE2DA95A9F}.Debug|Any CPU.Build.0 = Debug|Any CPU
		{70F34F9B-6AC9-4D6B-90AE-3BFE2DA95A9F}.Release|Any CPU.ActiveCfg = Release|Any CPU
		{70F34F9B-6AC9-4D6B-90AE-3BFE2DA95A9F}.Release|Any CPU.Build.0 = Release|Any CPU
		{A2498A67-6032-4A42-947E-45ED38138737}.Debug|Any CPU.ActiveCfg = Debug|Any CPU
		{A2498A67-6032-4A42-947E-45ED38138737}.Debug|Any CPU.Build.0 = Debug|Any CPU
		{A2498A67-6032-4A42-947E-45ED38138737}.Release|Any CPU.ActiveCfg = Release|Any CPU
		{A2498A67-6032-4A42-947E-45ED38138737}.Release|Any CPU.Build.0 = Release|Any CPU
		{E56A7611-2A08-49FD-803E-055E27600D0D}.Debug|Any CPU.ActiveCfg = Debug|Any CPU
		{E56A7611-2A08-49FD-803E-055E27600D0D}.Debug|Any CPU.Build.0 = Debug|Any CPU
		{E56A7611-2A08-49FD-803E-055E27600D0D}.Release|Any CPU.ActiveCfg = Release|Any CPU
		{E56A7611-2A08-49FD-803E-055E27600D0D}.Release|Any CPU.Build.0 = Release|Any CPU
		{94A9BED5-3443-4C1E-8F0A-9F04758C63F7}.Debug|Any CPU.ActiveCfg = Debug|Any CPU
		{94A9BED5-3443-4C1E-8F0A-9F04758C63F7}.Debug|Any CPU.Build.0 = Debug|Any CPU
		{94A9BED5-3443-4C1E-8F0A-9F04758C63F7}.Release|Any CPU.ActiveCfg = Release|Any CPU
		{94A9BED5-3443-4C1E-8F0A-9F04758C63F7}.Release|Any CPU.Build.0 = Release|Any CPU
		{00DD0C25-0586-420A-B930-A90BE7347A12}.Debug|Any CPU.ActiveCfg = Debug|Any CPU
		{00DD0C25-0586-420A-B930-A90BE7347A12}.Debug|Any CPU.Build.0 = Debug|Any CPU
		{00DD0C25-0586-420A-B930-A90BE7347A12}.Release|Any CPU.ActiveCfg = Release|Any CPU
		{00DD0C25-0586-420A-B930-A90BE7347A12}.Release|Any CPU.Build.0 = Release|Any CPU
		{4A57CD19-EFFB-4C68-92B0-8C2703000D35}.Debug|Any CPU.ActiveCfg = Debug|Any CPU
		{4A57CD19-EFFB-4C68-92B0-8C2703000D35}.Debug|Any CPU.Build.0 = Debug|Any CPU
		{4A57CD19-EFFB-4C68-92B0-8C2703000D35}.Release|Any CPU.ActiveCfg = Release|Any CPU
		{4A57CD19-EFFB-4C68-92B0-8C2703000D35}.Release|Any CPU.Build.0 = Release|Any CPU
		{F05FC3AE-4052-44B9-B3C5-627A5068CC2F}.Debug|Any CPU.ActiveCfg = Debug|Any CPU
		{F05FC3AE-4052-44B9-B3C5-627A5068CC2F}.Debug|Any CPU.Build.0 = Debug|Any CPU
		{F05FC3AE-4052-44B9-B3C5-627A5068CC2F}.Release|Any CPU.ActiveCfg = Release|Any CPU
		{F05FC3AE-4052-44B9-B3C5-627A5068CC2F}.Release|Any CPU.Build.0 = Release|Any CPU
		{E7CA668A-6B20-487F-B09C-7CC1700C8547}.Debug|Any CPU.ActiveCfg = Debug|Any CPU
		{E7CA668A-6B20-487F-B09C-7CC1700C8547}.Debug|Any CPU.Build.0 = Debug|Any CPU
		{E7CA668A-6B20-487F-B09C-7CC1700C8547}.Release|Any CPU.ActiveCfg = Release|Any CPU
		{E7CA668A-6B20-487F-B09C-7CC1700C8547}.Release|Any CPU.Build.0 = Release|Any CPU
	EndGlobalSection
	GlobalSection(SolutionProperties) = preSolution
		HideSolutionNode = FALSE
	EndGlobalSection
	GlobalSection(ExtensibilityGlobals) = postSolution
		SolutionGuid = {A07E8517-249E-4B4F-A041-EA8CF8A337D9}
	EndGlobalSection
EndGlobal
