
Microsoft Visual Studio Solution File, Format Version 12.00
# Visual Studio Version 17
VisualStudioVersion = 17.7.34031.279
MinimumVisualStudioVersion = 10.0.40219.1
Project("{FAE04EC0-301F-11D3-BF4B-00C04F79EFBC}") = "Robot", "Robot\Robot.csproj", "{9E561F9E-4BBA-42AB-9F7B-28418F9ECD15}"
EndProject
Project("{FAE04EC0-301F-11D3-BF4B-00C04F79EFBC}") = "CégesAutók", "CégesAutók\CégesAutók.csproj", "{35EFE5EC-9BFD-4171-92AF-416EC55DB097}"
EndProject
Project("{FAE04EC0-301F-11D3-BF4B-00C04F79EFBC}") = "Nézőtér", "Nézőtér\Nézőtér.csproj", "{3004B673-A555-48DB-87FB-896CADD32768}"
EndProject
Project("{FAE04EC0-301F-11D3-BF4B-00C04F79EFBC}") = "RGB", "RGB\RGB.csproj", "{70702E39-9711-43AA-A284-F296BF89E8EB}"
EndProject
Project("{FAE04EC0-301F-11D3-BF4B-00C04F79EFBC}") = "Otszaz", "Otszaz\Otszaz.csproj", "{0FAC722F-855B-47D6-95D3-56FB75A3F0C3}"
EndProject
Project("{FAE04EC0-301F-11D3-BF4B-00C04F79EFBC}") = "PityPang", "PityPang\PityPang.csproj", "{4CC38548-A645-4E0E-80B4-86E2136C08C3}"
EndProject
Project("{FAE04EC0-301F-11D3-BF4B-00C04F79EFBC}") = "Építményadó", "Építményadó\Építményadó.csproj", "{2574842C-1B41-440B-AD4F-35318CC200CC}"
EndProject
Global
	GlobalSection(SolutionConfigurationPlatforms) = preSolution
		Debug|Any CPU = Debug|Any CPU
		Release|Any CPU = Release|Any CPU
	EndGlobalSection
	GlobalSection(ProjectConfigurationPlatforms) = postSolution
		{9E561F9E-4BBA-42AB-9F7B-28418F9ECD15}.Debug|Any CPU.ActiveCfg = Debug|Any CPU
		{9E561F9E-4BBA-42AB-9F7B-28418F9ECD15}.Debug|Any CPU.Build.0 = Debug|Any CPU
		{9E561F9E-4BBA-42AB-9F7B-28418F9ECD15}.Release|Any CPU.ActiveCfg = Release|Any CPU
		{9E561F9E-4BBA-42AB-9F7B-28418F9ECD15}.Release|Any CPU.Build.0 = Release|Any CPU
		{35EFE5EC-9BFD-4171-92AF-416EC55DB097}.Debug|Any CPU.ActiveCfg = Debug|Any CPU
		{35EFE5EC-9BFD-4171-92AF-416EC55DB097}.Debug|Any CPU.Build.0 = Debug|Any CPU
		{35EFE5EC-9BFD-4171-92AF-416EC55DB097}.Release|Any CPU.ActiveCfg = Release|Any CPU
		{35EFE5EC-9BFD-4171-92AF-416EC55DB097}.Release|Any CPU.Build.0 = Release|Any CPU
		{3004B673-A555-48DB-87FB-896CADD32768}.Debug|Any CPU.ActiveCfg = Debug|Any CPU
		{3004B673-A555-48DB-87FB-896CADD32768}.Debug|Any CPU.Build.0 = Debug|Any CPU
		{3004B673-A555-48DB-87FB-896CADD32768}.Release|Any CPU.ActiveCfg = Release|Any CPU
		{3004B673-A555-48DB-87FB-896CADD32768}.Release|Any CPU.Build.0 = Release|Any CPU
		{70702E39-9711-43AA-A284-F296BF89E8EB}.Debug|Any CPU.ActiveCfg = Debug|Any CPU
		{70702E39-9711-43AA-A284-F296BF89E8EB}.Debug|Any CPU.Build.0 = Debug|Any CPU
		{70702E39-9711-43AA-A284-F296BF89E8EB}.Release|Any CPU.ActiveCfg = Release|Any CPU
		{70702E39-9711-43AA-A284-F296BF89E8EB}.Release|Any CPU.Build.0 = Release|Any CPU
		{0FAC722F-855B-47D6-95D3-56FB75A3F0C3}.Debug|Any CPU.ActiveCfg = Debug|Any CPU
		{0FAC722F-855B-47D6-95D3-56FB75A3F0C3}.Debug|Any CPU.Build.0 = Debug|Any CPU
		{0FAC722F-855B-47D6-95D3-56FB75A3F0C3}.Release|Any CPU.ActiveCfg = Release|Any CPU
		{0FAC722F-855B-47D6-95D3-56FB75A3F0C3}.Release|Any CPU.Build.0 = Release|Any CPU
		{4CC38548-A645-4E0E-80B4-86E2136C08C3}.Debug|Any CPU.ActiveCfg = Debug|Any CPU
		{4CC38548-A645-4E0E-80B4-86E2136C08C3}.Debug|Any CPU.Build.0 = Debug|Any CPU
		{4CC38548-A645-4E0E-80B4-86E2136C08C3}.Release|Any CPU.ActiveCfg = Release|Any CPU
		{4CC38548-A645-4E0E-80B4-86E2136C08C3}.Release|Any CPU.Build.0 = Release|Any CPU
		{2574842C-1B41-440B-AD4F-35318CC200CC}.Debug|Any CPU.ActiveCfg = Debug|Any CPU
		{2574842C-1B41-440B-AD4F-35318CC200CC}.Debug|Any CPU.Build.0 = Debug|Any CPU
		{2574842C-1B41-440B-AD4F-35318CC200CC}.Release|Any CPU.ActiveCfg = Release|Any CPU
		{2574842C-1B41-440B-AD4F-35318CC200CC}.Release|Any CPU.Build.0 = Release|Any CPU
	EndGlobalSection
	GlobalSection(SolutionProperties) = preSolution
		HideSolutionNode = FALSE
	EndGlobalSection
	GlobalSection(ExtensibilityGlobals) = postSolution
		SolutionGuid = {FD329F2C-DF95-4720-B304-48E27EBB0CBB}
	EndGlobalSection
EndGlobal
