
Microsoft Visual Studio Solution File, Format Version 12.00
# Visual Studio Version 16
VisualStudioVersion = 16.0.33027.164
MinimumVisualStudioVersion = 10.0.40219.1
Project("{FAE04EC0-301F-11D3-BF4B-00C04F79EFBC}") = "20230927", "20230927\20230927.csproj", "{E4CDFA5A-0CD6-48DD-A0E9-81CA0C8A8195}"
EndProject
Project("{FAE04EC0-301F-11D3-BF4B-00C04F79EFBC}") = "SzamKitalalos", "SzamKitalalos\SzamKitalalos.csproj", "{15C16CFC-4278-49CE-90F2-D3AF42754365}"
EndProject
Project("{FAE04EC0-301F-11D3-BF4B-00C04F79EFBC}") = "Progtetelek", "Progtetelek\Progtetelek.csproj", "{B6FD246F-B85D-46FC-A522-D40BE0EEAEEE}"
EndProject
Project("{FAE04EC0-301F-11D3-BF4B-00C04F79EFBC}") = "SzoKitalalo", "SzoKitalalo\SzoKitalalo.csproj", "{3AD16EC7-94B7-4EEF-BAE3-887BB9CA79C7}"
EndProject
Project("{FAE04EC0-301F-11D3-BF4B-00C04F79EFBC}") = "20231011", "20231011\20231011.csproj", "{63F15CA1-0CB5-40CD-B494-D4B1601F853B}"
EndProject
Project("{FAE04EC0-301F-11D3-BF4B-00C04F79EFBC}") = "KartyaJatek_B", "KartyaJatek_B\KartyaJatek_B.csproj", "{AB69B847-9079-4202-9D21-E865DC9288EC}"
EndProject
Project("{FAE04EC0-301F-11D3-BF4B-00C04F79EFBC}") = "20231108", "20231108\20231108.csproj", "{78ADCA49-B4DC-4BCF-8349-990F808F9F9E}"
EndProject
Project("{FAE04EC0-301F-11D3-BF4B-00C04F79EFBC}") = "20231122", "20231122\20231122.csproj", "{E549E2ED-D62C-4CF9-A98F-4EFE5BF3C34D}"
EndProject
Project("{FAE04EC0-301F-11D3-BF4B-00C04F79EFBC}") = "20231206_OOP", "20231206_OOP\20231206_OOP.csproj", "{2FFC1F03-0733-4941-8C8D-1B43EAD8F993}"
EndProject
Project("{FAE04EC0-301F-11D3-BF4B-00C04F79EFBC}") = "Cursor_OOP", "Cursor_OOP\Cursor_OOP.csproj", "{2BA3ABCE-0F35-422A-8F3F-87263A7CAA0F}"
EndProject
Project("{FAE04EC0-301F-11D3-BF4B-00C04F79EFBC}") = "Snake_2024_B", "Snake_2024_B\Snake_2024_B.csproj", "{F61AC1B1-105C-4445-9375-79FCB27997A6}"
EndProject
Project("{FAE04EC0-301F-11D3-BF4B-00C04F79EFBC}") = "PACMAN_B", "PACMAN_B\PACMAN_B.csproj", "{369644EB-87EF-4168-8695-700511B3A0BA}"
EndProject
Global
	GlobalSection(SolutionConfigurationPlatforms) = preSolution
		Debug|Any CPU = Debug|Any CPU
		Release|Any CPU = Release|Any CPU
	EndGlobalSection
	GlobalSection(ProjectConfigurationPlatforms) = postSolution
		{E4CDFA5A-0CD6-48DD-A0E9-81CA0C8A8195}.Debug|Any CPU.ActiveCfg = Debug|Any CPU
		{E4CDFA5A-0CD6-48DD-A0E9-81CA0C8A8195}.Debug|Any CPU.Build.0 = Debug|Any CPU
		{E4CDFA5A-0CD6-48DD-A0E9-81CA0C8A8195}.Release|Any CPU.ActiveCfg = Release|Any CPU
		{E4CDFA5A-0CD6-48DD-A0E9-81CA0C8A8195}.Release|Any CPU.Build.0 = Release|Any CPU
		{15C16CFC-4278-49CE-90F2-D3AF42754365}.Debug|Any CPU.ActiveCfg = Debug|Any CPU
		{15C16CFC-4278-49CE-90F2-D3AF42754365}.Debug|Any CPU.Build.0 = Debug|Any CPU
		{15C16CFC-4278-49CE-90F2-D3AF42754365}.Release|Any CPU.ActiveCfg = Release|Any CPU
		{15C16CFC-4278-49CE-90F2-D3AF42754365}.Release|Any CPU.Build.0 = Release|Any CPU
		{B6FD246F-B85D-46FC-A522-D40BE0EEAEEE}.Debug|Any CPU.ActiveCfg = Debug|Any CPU
		{B6FD246F-B85D-46FC-A522-D40BE0EEAEEE}.Debug|Any CPU.Build.0 = Debug|Any CPU
		{B6FD246F-B85D-46FC-A522-D40BE0EEAEEE}.Release|Any CPU.ActiveCfg = Release|Any CPU
		{B6FD246F-B85D-46FC-A522-D40BE0EEAEEE}.Release|Any CPU.Build.0 = Release|Any CPU
		{3AD16EC7-94B7-4EEF-BAE3-887BB9CA79C7}.Debug|Any CPU.ActiveCfg = Debug|Any CPU
		{3AD16EC7-94B7-4EEF-BAE3-887BB9CA79C7}.Debug|Any CPU.Build.0 = Debug|Any CPU
		{3AD16EC7-94B7-4EEF-BAE3-887BB9CA79C7}.Release|Any CPU.ActiveCfg = Release|Any CPU
		{3AD16EC7-94B7-4EEF-BAE3-887BB9CA79C7}.Release|Any CPU.Build.0 = Release|Any CPU
		{63F15CA1-0CB5-40CD-B494-D4B1601F853B}.Debug|Any CPU.ActiveCfg = Debug|Any CPU
		{63F15CA1-0CB5-40CD-B494-D4B1601F853B}.Debug|Any CPU.Build.0 = Debug|Any CPU
		{63F15CA1-0CB5-40CD-B494-D4B1601F853B}.Release|Any CPU.ActiveCfg = Release|Any CPU
		{63F15CA1-0CB5-40CD-B494-D4B1601F853B}.Release|Any CPU.Build.0 = Release|Any CPU
		{AB69B847-9079-4202-9D21-E865DC9288EC}.Debug|Any CPU.ActiveCfg = Debug|Any CPU
		{AB69B847-9079-4202-9D21-E865DC9288EC}.Debug|Any CPU.Build.0 = Debug|Any CPU
		{AB69B847-9079-4202-9D21-E865DC9288EC}.Release|Any CPU.ActiveCfg = Release|Any CPU
		{AB69B847-9079-4202-9D21-E865DC9288EC}.Release|Any CPU.Build.0 = Release|Any CPU
		{78ADCA49-B4DC-4BCF-8349-990F808F9F9E}.Debug|Any CPU.ActiveCfg = Debug|Any CPU
		{78ADCA49-B4DC-4BCF-8349-990F808F9F9E}.Debug|Any CPU.Build.0 = Debug|Any CPU
		{78ADCA49-B4DC-4BCF-8349-990F808F9F9E}.Release|Any CPU.ActiveCfg = Release|Any CPU
		{78ADCA49-B4DC-4BCF-8349-990F808F9F9E}.Release|Any CPU.Build.0 = Release|Any CPU
		{E549E2ED-D62C-4CF9-A98F-4EFE5BF3C34D}.Debug|Any CPU.ActiveCfg = Debug|Any CPU
		{E549E2ED-D62C-4CF9-A98F-4EFE5BF3C34D}.Debug|Any CPU.Build.0 = Debug|Any CPU
		{E549E2ED-D62C-4CF9-A98F-4EFE5BF3C34D}.Release|Any CPU.ActiveCfg = Release|Any CPU
		{E549E2ED-D62C-4CF9-A98F-4EFE5BF3C34D}.Release|Any CPU.Build.0 = Release|Any CPU
		{2FFC1F03-0733-4941-8C8D-1B43EAD8F993}.Debug|Any CPU.ActiveCfg = Debug|Any CPU
		{2FFC1F03-0733-4941-8C8D-1B43EAD8F993}.Debug|Any CPU.Build.0 = Debug|Any CPU
		{2FFC1F03-0733-4941-8C8D-1B43EAD8F993}.Release|Any CPU.ActiveCfg = Release|Any CPU
		{2FFC1F03-0733-4941-8C8D-1B43EAD8F993}.Release|Any CPU.Build.0 = Release|Any CPU
		{2BA3ABCE-0F35-422A-8F3F-87263A7CAA0F}.Debug|Any CPU.ActiveCfg = Debug|Any CPU
		{2BA3ABCE-0F35-422A-8F3F-87263A7CAA0F}.Debug|Any CPU.Build.0 = Debug|Any CPU
		{2BA3ABCE-0F35-422A-8F3F-87263A7CAA0F}.Release|Any CPU.ActiveCfg = Release|Any CPU
		{2BA3ABCE-0F35-422A-8F3F-87263A7CAA0F}.Release|Any CPU.Build.0 = Release|Any CPU
		{F61AC1B1-105C-4445-9375-79FCB27997A6}.Debug|Any CPU.ActiveCfg = Debug|Any CPU
		{F61AC1B1-105C-4445-9375-79FCB27997A6}.Debug|Any CPU.Build.0 = Debug|Any CPU
		{F61AC1B1-105C-4445-9375-79FCB27997A6}.Release|Any CPU.ActiveCfg = Release|Any CPU
		{F61AC1B1-105C-4445-9375-79FCB27997A6}.Release|Any CPU.Build.0 = Release|Any CPU
		{369644EB-87EF-4168-8695-700511B3A0BA}.Debug|Any CPU.ActiveCfg = Debug|Any CPU
		{369644EB-87EF-4168-8695-700511B3A0BA}.Debug|Any CPU.Build.0 = Debug|Any CPU
		{369644EB-87EF-4168-8695-700511B3A0BA}.Release|Any CPU.ActiveCfg = Release|Any CPU
		{369644EB-87EF-4168-8695-700511B3A0BA}.Release|Any CPU.Build.0 = Release|Any CPU
	EndGlobalSection
	GlobalSection(SolutionProperties) = preSolution
		HideSolutionNode = FALSE
	EndGlobalSection
	GlobalSection(ExtensibilityGlobals) = postSolution
		SolutionGuid = {40A69657-74A9-4648-B8D5-7DB8EE05C851}
	EndGlobalSection
EndGlobal
