
Microsoft Visual Studio Solution File, Format Version 12.00
# Visual Studio Version 17
VisualStudioVersion = 17.11.35431.28
MinimumVisualStudioVersion = 10.0.40219.1
Project("{FAE04EC0-301F-11D3-BF4B-00C04F79EFBC}") = "MVC_SHOP_2024_B", "MVC_SHOP_2024_B\MVC_SHOP_2024_B.csproj", "{D52E2231-75D5-404A-B957-B13F3C3EFF2C}"
EndProject
Global
	GlobalSection(SolutionConfigurationPlatforms) = preSolution
		Debug|Any CPU = Debug|Any CPU
		Release|Any CPU = Release|Any CPU
	EndGlobalSection
	GlobalSection(ProjectConfigurationPlatforms) = postSolution
		{D52E2231-75D5-404A-B957-B13F3C3EFF2C}.Debug|Any CPU.ActiveCfg = Debug|Any CPU
		{D52E2231-75D5-404A-B957-B13F3C3EFF2C}.Debug|Any CPU.Build.0 = Debug|Any CPU
		{D52E2231-75D5-404A-B957-B13F3C3EFF2C}.Release|Any CPU.ActiveCfg = Release|Any CPU
		{D52E2231-75D5-404A-B957-B13F3C3EFF2C}.Release|Any CPU.Build.0 = Release|Any CPU
	EndGlobalSection
	GlobalSection(SolutionProperties) = preSolution
		HideSolutionNode = FALSE
	EndGlobalSection
	GlobalSection(ExtensibilityGlobals) = postSolution
		SolutionGuid = {222FB918-8F38-4E15-8F08-80FCAE48794B}
	EndGlobalSection
EndGlobal
