
Microsoft Visual Studio Solution File, Format Version 12.00
# Visual Studio Version 17
VisualStudioVersion = 17.14.35906.104 d17.14
MinimumVisualStudioVersion = 10.0.40219.1
Project("{FAE04EC0-301F-11D3-BF4B-00C04F79EFBC}") = "2006telefonszamla", "2006telefonszamla\2006telefonszamla.csproj", "{4E1EED9B-E004-4DFD-89A8-5E559BAF2229}"
EndProject
Global
	GlobalSection(SolutionConfigurationPlatforms) = preSolution
		Debug|Any CPU = Debug|Any CPU
		Release|Any CPU = Release|Any CPU
	EndGlobalSection
	GlobalSection(ProjectConfigurationPlatforms) = postSolution
		{4E1EED9B-E004-4DFD-89A8-5E559BAF2229}.Debug|Any CPU.ActiveCfg = Debug|Any CPU
		{4E1EED9B-E004-4DFD-89A8-5E559BAF2229}.Debug|Any CPU.Build.0 = Debug|Any CPU
		{4E1EED9B-E004-4DFD-89A8-5E559BAF2229}.Release|Any CPU.ActiveCfg = Release|Any CPU
		{4E1EED9B-E004-4DFD-89A8-5E559BAF2229}.Release|Any CPU.Build.0 = Release|Any CPU
	EndGlobalSection
	GlobalSection(SolutionProperties) = preSolution
		HideSolutionNode = FALSE
	EndGlobalSection
	GlobalSection(ExtensibilityGlobals) = postSolution
		SolutionGuid = {B20C49C0-F4FC-4C76-8300-642A90F04362}
	EndGlobalSection
EndGlobal
