
Microsoft Visual Studio Solution File, Format Version 12.00
# Visual Studio Version 17
VisualStudioVersion = 17.12.35728.132 d17.12
MinimumVisualStudioVersion = 10.0.40219.1
Project("{FAE04EC0-301F-11D3-BF4B-00C04F79EFBC}") = "NETCoreAPI_A", "NETCoreAPI_A\NETCoreAPI_A.csproj", "{39C8D97E-FCAD-4C3F-BF93-2EBBDCE52537}"
EndProject
Project("{FAE04EC0-301F-11D3-BF4B-00C04F79EFBC}") = "DB", "DB\DB.csproj", "{54AC45FB-343E-4BD4-A08B-F072614FC262}"
EndProject
Global
	GlobalSection(SolutionConfigurationPlatforms) = preSolution
		Debug|Any CPU = Debug|Any CPU
		Release|Any CPU = Release|Any CPU
	EndGlobalSection
	GlobalSection(ProjectConfigurationPlatforms) = postSolution
		{39C8D97E-FCAD-4C3F-BF93-2EBBDCE52537}.Debug|Any CPU.ActiveCfg = Debug|Any CPU
		{39C8D97E-FCAD-4C3F-BF93-2EBBDCE52537}.Debug|Any CPU.Build.0 = Debug|Any CPU
		{39C8D97E-FCAD-4C3F-BF93-2EBBDCE52537}.Release|Any CPU.ActiveCfg = Release|Any CPU
		{39C8D97E-FCAD-4C3F-BF93-2EBBDCE52537}.Release|Any CPU.Build.0 = Release|Any CPU
		{54AC45FB-343E-4BD4-A08B-F072614FC262}.Debug|Any CPU.ActiveCfg = Debug|Any CPU
		{54AC45FB-343E-4BD4-A08B-F072614FC262}.Debug|Any CPU.Build.0 = Debug|Any CPU
		{54AC45FB-343E-4BD4-A08B-F072614FC262}.Release|Any CPU.ActiveCfg = Release|Any CPU
		{54AC45FB-343E-4BD4-A08B-F072614FC262}.Release|Any CPU.Build.0 = Release|Any CPU
	EndGlobalSection
	GlobalSection(SolutionProperties) = preSolution
		HideSolutionNode = FALSE
	EndGlobalSection
EndGlobal
