
Microsoft Visual Studio Solution File, Format Version 12.00
# Visual Studio Version 17
VisualStudioVersion = 17.10.34916.146
MinimumVisualStudioVersion = 10.0.40219.1
Project("{FAE04EC0-301F-11D3-BF4B-00C04F79EFBC}") = "WindowsFormsApp1", "WindowsFormsApp1.csproj", "{523DC460-3E84-4EED-BA0D-0A15E51BC5AE}"
EndProject
Global
	GlobalSection(SolutionConfigurationPlatforms) = preSolution
		Debug|Any CPU = Debug|Any CPU
		Release|Any CPU = Release|Any CPU
	EndGlobalSection
	GlobalSection(ProjectConfigurationPlatforms) = postSolution
		{523DC460-3E84-4EED-BA0D-0A15E51BC5AE}.Debug|Any CPU.ActiveCfg = Debug|Any CPU
		{523DC460-3E84-4EED-BA0D-0A15E51BC5AE}.Debug|Any CPU.Build.0 = Debug|Any CPU
		{523DC460-3E84-4EED-BA0D-0A15E51BC5AE}.Release|Any CPU.ActiveCfg = Release|Any CPU
		{523DC460-3E84-4EED-BA0D-0A15E51BC5AE}.Release|Any CPU.Build.0 = Release|Any CPU
	EndGlobalSection
	GlobalSection(SolutionProperties) = preSolution
		HideSolutionNode = FALSE
	EndGlobalSection
	GlobalSection(ExtensibilityGlobals) = postSolution
		SolutionGuid = {1AA4BD10-9524-4BE1-B490-52F1EAD99EBC}
	EndGlobalSection
EndGlobal
