
Microsoft Visual Studio Solution File, Format Version 12.00
# Visual Studio Version 17
VisualStudioVersion = 17.10.35004.147
MinimumVisualStudioVersion = 10.0.40219.1
Project("{FAE04EC0-301F-11D3-BF4B-00C04F79EFBC}") = "Uszoda", "Uszoda.csproj", "{6A42A4C3-B208-43CD-A80F-213AA5711C99}"
EndProject
Project("{FAE04EC0-301F-11D3-BF4B-00C04F79EFBC}") = "Automata_DLL", "..\Automata_DLL\Automata_DLL.csproj", "{6FFF0B97-9BA5-4974-8CBB-188F255624B7}"
EndProject
Global
	GlobalSection(SolutionConfigurationPlatforms) = preSolution
		Debug|Any CPU = Debug|Any CPU
		Release|Any CPU = Release|Any CPU
	EndGlobalSection
	GlobalSection(ProjectConfigurationPlatforms) = postSolution
		{6A42A4C3-B208-43CD-A80F-213AA5711C99}.Debug|Any CPU.ActiveCfg = Debug|Any CPU
		{6A42A4C3-B208-43CD-A80F-213AA5711C99}.Debug|Any CPU.Build.0 = Debug|Any CPU
		{6A42A4C3-B208-43CD-A80F-213AA5711C99}.Release|Any CPU.ActiveCfg = Release|Any CPU
		{6A42A4C3-B208-43CD-A80F-213AA5711C99}.Release|Any CPU.Build.0 = Release|Any CPU
		{6FFF0B97-9BA5-4974-8CBB-188F255624B7}.Debug|Any CPU.ActiveCfg = Debug|Any CPU
		{6FFF0B97-9BA5-4974-8CBB-188F255624B7}.Debug|Any CPU.Build.0 = Debug|Any CPU
		{6FFF0B97-9BA5-4974-8CBB-188F255624B7}.Release|Any CPU.ActiveCfg = Release|Any CPU
		{6FFF0B97-9BA5-4974-8CBB-188F255624B7}.Release|Any CPU.Build.0 = Release|Any CPU
	EndGlobalSection
	GlobalSection(SolutionProperties) = preSolution
		HideSolutionNode = FALSE
	EndGlobalSection
	GlobalSection(ExtensibilityGlobals) = postSolution
		SolutionGuid = {9B8FD76E-F34D-43F7-9AEC-47CEAAAC33CD}
	EndGlobalSection
EndGlobal
