
Microsoft Visual Studio Solution File, Format Version 12.00
# Visual Studio Version 17
VisualStudioVersion = 17.13.35931.197
MinimumVisualStudioVersion = 10.0.40219.1
Project("{FAE04EC0-301F-11D3-BF4B-00C04F79EFBC}") = "Telefonszámla_2006", "Telefonszámla_2006\Telefonszámla_2006.csproj", "{AAC47F45-CA84-4683-A036-1BDC0A315255}"
EndProject
Project("{FAE04EC0-301F-11D3-BF4B-00C04F79EFBC}") = "ZeneiAdok", "ZeneiAdok\ZeneiAdok.csproj", "{99366D25-BA94-4A21-82EB-7ABD2A972801}"
EndProject
Global
	GlobalSection(SolutionConfigurationPlatforms) = preSolution
		Debug|Any CPU = Debug|Any CPU
		Release|Any CPU = Release|Any CPU
	EndGlobalSection
	GlobalSection(ProjectConfigurationPlatforms) = postSolution
		{AAC47F45-CA84-4683-A036-1BDC0A315255}.Debug|Any CPU.ActiveCfg = Debug|Any CPU
		{AAC47F45-CA84-4683-A036-1BDC0A315255}.Debug|Any CPU.Build.0 = Debug|Any CPU
		{AAC47F45-CA84-4683-A036-1BDC0A315255}.Release|Any CPU.ActiveCfg = Release|Any CPU
		{AAC47F45-CA84-4683-A036-1BDC0A315255}.Release|Any CPU.Build.0 = Release|Any CPU
		{99366D25-BA94-4A21-82EB-7ABD2A972801}.Debug|Any CPU.ActiveCfg = Debug|Any CPU
		{99366D25-BA94-4A21-82EB-7ABD2A972801}.Debug|Any CPU.Build.0 = Debug|Any CPU
		{99366D25-BA94-4A21-82EB-7ABD2A972801}.Release|Any CPU.ActiveCfg = Release|Any CPU
		{99366D25-BA94-4A21-82EB-7ABD2A972801}.Release|Any CPU.Build.0 = Release|Any CPU
	EndGlobalSection
	GlobalSection(SolutionProperties) = preSolution
		HideSolutionNode = FALSE
	EndGlobalSection
	GlobalSection(ExtensibilityGlobals) = postSolution
		SolutionGuid = {E3D3B332-5CE6-41F2-AB66-19280BBFDBBA}
	EndGlobalSection
EndGlobal
