
Microsoft Visual Studio Solution File, Format Version 12.00
# Visual Studio Version 17
VisualStudioVersion = 17.13.35825.156 d17.13
MinimumVisualStudioVersion = 10.0.40219.1
Project("{FAE04EC0-301F-11D3-BF4B-00C04F79EFBC}") = "Projekt12_NépességStat", "Projekt12_NépességStat\Projekt12_NépességStat.csproj", "{33891914-6329-488A-B8ED-0187010C3D62}"
EndProject
Global
	GlobalSection(SolutionConfigurationPlatforms) = preSolution
		Debug|Any CPU = Debug|Any CPU
		Release|Any CPU = Release|Any CPU
	EndGlobalSection
	GlobalSection(ProjectConfigurationPlatforms) = postSolution
		{33891914-6329-488A-B8ED-0187010C3D62}.Debug|Any CPU.ActiveCfg = Debug|Any CPU
		{33891914-6329-488A-B8ED-0187010C3D62}.Debug|Any CPU.Build.0 = Debug|Any CPU
		{33891914-6329-488A-B8ED-0187010C3D62}.Release|Any CPU.ActiveCfg = Release|Any CPU
		{33891914-6329-488A-B8ED-0187010C3D62}.Release|Any CPU.Build.0 = Release|Any CPU
	EndGlobalSection
	GlobalSection(SolutionProperties) = preSolution
		HideSolutionNode = FALSE
	EndGlobalSection
	GlobalSection(ExtensibilityGlobals) = postSolution
		SolutionGuid = {606DCCD0-F6CE-4835-9BD1-61A746B8E58C}
	EndGlobalSection
EndGlobal
