
Microsoft Visual Studio Solution File, Format Version 12.00
# Visual Studio Version 16
VisualStudioVersion = 16.0.33027.164
MinimumVisualStudioVersion = 10.0.40219.1
Project("{FAE04EC0-301F-11D3-BF4B-00C04F79EFBC}") = "First_Project", "First_Project.csproj", "{7E33BA36-CBE2-423D-B29D-42374AEA338E}"
EndProject
Global
	GlobalSection(SolutionConfigurationPlatforms) = preSolution
		Debug|Any CPU = Debug|Any CPU
		Release|Any CPU = Release|Any CPU
	EndGlobalSection
	GlobalSection(ProjectConfigurationPlatforms) = postSolution
		{7E33BA36-CBE2-423D-B29D-42374AEA338E}.Debug|Any CPU.ActiveCfg = Debug|Any CPU
		{7E33BA36-CBE2-423D-B29D-42374AEA338E}.Debug|Any CPU.Build.0 = Debug|Any CPU
		{7E33BA36-CBE2-423D-B29D-42374AEA338E}.Release|Any CPU.ActiveCfg = Release|Any CPU
		{7E33BA36-CBE2-423D-B29D-42374AEA338E}.Release|Any CPU.Build.0 = Release|Any CPU
	EndGlobalSection
	GlobalSection(SolutionProperties) = preSolution
		HideSolutionNode = FALSE
	EndGlobalSection
	GlobalSection(ExtensibilityGlobals) = postSolution
		SolutionGuid = {DC71CC8A-894C-443B-AAFD-53930FE9076D}
	EndGlobalSection
EndGlobal
