
Microsoft Visual Studio Solution File, Format Version 12.00
# Visual Studio Version 17
VisualStudioVersion = 17.11.35312.102
MinimumVisualStudioVersion = 10.0.40219.1
Project("{FAE04EC0-301F-11D3-BF4B-00C04F79EFBC}") = "Automata_2024_A", "Automata_2024_A.csproj", "{E7DC7F41-120B-461A-A56A-BDE53DC1D38D}"
EndProject
Project("{FAE04EC0-301F-11D3-BF4B-00C04F79EFBC}") = "Automata_DLL", "..\Automata_DLL\Automata_DLL.csproj", "{6FFF0B97-9BA5-4974-8CBB-188F255624B7}"
EndProject
Global
	GlobalSection(SolutionConfigurationPlatforms) = preSolution
		Debug|Any CPU = Debug|Any CPU
		Release|Any CPU = Release|Any CPU
	EndGlobalSection
	GlobalSection(ProjectConfigurationPlatforms) = postSolution
		{E7DC7F41-120B-461A-A56A-BDE53DC1D38D}.Debug|Any CPU.ActiveCfg = Debug|Any CPU
		{E7DC7F41-120B-461A-A56A-BDE53DC1D38D}.Debug|Any CPU.Build.0 = Debug|Any CPU
		{E7DC7F41-120B-461A-A56A-BDE53DC1D38D}.Release|Any CPU.ActiveCfg = Release|Any CPU
		{E7DC7F41-120B-461A-A56A-BDE53DC1D38D}.Release|Any CPU.Build.0 = Release|Any CPU
		{6FFF0B97-9BA5-4974-8CBB-188F255624B7}.Debug|Any CPU.ActiveCfg = Debug|Any CPU
		{6FFF0B97-9BA5-4974-8CBB-188F255624B7}.Debug|Any CPU.Build.0 = Debug|Any CPU
		{6FFF0B97-9BA5-4974-8CBB-188F255624B7}.Release|Any CPU.ActiveCfg = Release|Any CPU
		{6FFF0B97-9BA5-4974-8CBB-188F255624B7}.Release|Any CPU.Build.0 = Release|Any CPU
	EndGlobalSection
	GlobalSection(SolutionProperties) = preSolution
		HideSolutionNode = FALSE
	EndGlobalSection
	GlobalSection(ExtensibilityGlobals) = postSolution
		SolutionGuid = {C61A4926-92AA-483D-BB34-89CFB2C946F9}
	EndGlobalSection
EndGlobal
