
Microsoft Visual Studio Solution File, Format Version 12.00
# Visual Studio Version 17
VisualStudioVersion = 17.12.35728.132 d17.12
MinimumVisualStudioVersion = 10.0.40219.1
Project("{FAE04EC0-301F-11D3-BF4B-00C04F79EFBC}") = "WebShop", "WebShop\WebShop.csproj", "{849CD6D6-DE07-49B3-A442-1B6C45A1BE39}"
EndProject
Project("{FAE04EC0-301F-11D3-BF4B-00C04F79EFBC}") = "ShopData", "ShopData\ShopData.csproj", "{0AB643E8-1C10-4934-8B36-9DB5AF3E488E}"
EndProject
Global
	GlobalSection(SolutionConfigurationPlatforms) = preSolution
		Debug|Any CPU = Debug|Any CPU
		Release|Any CPU = Release|Any CPU
	EndGlobalSection
	GlobalSection(ProjectConfigurationPlatforms) = postSolution
		{849CD6D6-DE07-49B3-A442-1B6C45A1BE39}.Debug|Any CPU.ActiveCfg = Debug|Any CPU
		{849CD6D6-DE07-49B3-A442-1B6C45A1BE39}.Debug|Any CPU.Build.0 = Debug|Any CPU
		{849CD6D6-DE07-49B3-A442-1B6C45A1BE39}.Release|Any CPU.ActiveCfg = Release|Any CPU
		{849CD6D6-DE07-49B3-A442-1B6C45A1BE39}.Release|Any CPU.Build.0 = Release|Any CPU
		{0AB643E8-1C10-4934-8B36-9DB5AF3E488E}.Debug|Any CPU.ActiveCfg = Debug|Any CPU
		{0AB643E8-1C10-4934-8B36-9DB5AF3E488E}.Debug|Any CPU.Build.0 = Debug|Any CPU
		{0AB643E8-1C10-4934-8B36-9DB5AF3E488E}.Release|Any CPU.ActiveCfg = Release|Any CPU
		{0AB643E8-1C10-4934-8B36-9DB5AF3E488E}.Release|Any CPU.Build.0 = Release|Any CPU
	EndGlobalSection
	GlobalSection(SolutionProperties) = preSolution
		HideSolutionNode = FALSE
	EndGlobalSection
EndGlobal
