
Microsoft Visual Studio Solution File, Format Version 12.00
# Visual Studio Version 16
VisualStudioVersion = 16.0.34729.46
MinimumVisualStudioVersion = 10.0.40219.1
Project("{FAE04EC0-301F-11D3-BF4B-00C04F79EFBC}") = "EF_20240522_A", "EF_20240522_A.csproj", "{62B9324E-EB63-4B8E-9834-6F48FD169D87}"
EndProject
Global
	GlobalSection(SolutionConfigurationPlatforms) = preSolution
		Debug|Any CPU = Debug|Any CPU
		Release|Any CPU = Release|Any CPU
	EndGlobalSection
	GlobalSection(ProjectConfigurationPlatforms) = postSolution
		{62B9324E-EB63-4B8E-9834-6F48FD169D87}.Debug|Any CPU.ActiveCfg = Debug|Any CPU
		{62B9324E-EB63-4B8E-9834-6F48FD169D87}.Debug|Any CPU.Build.0 = Debug|Any CPU
		{62B9324E-EB63-4B8E-9834-6F48FD169D87}.Release|Any CPU.ActiveCfg = Release|Any CPU
		{62B9324E-EB63-4B8E-9834-6F48FD169D87}.Release|Any CPU.Build.0 = Release|Any CPU
	EndGlobalSection
	GlobalSection(SolutionProperties) = preSolution
		HideSolutionNode = FALSE
	EndGlobalSection
	GlobalSection(ExtensibilityGlobals) = postSolution
		SolutionGuid = {0C43987D-D88C-4333-892F-14058CDBD8E5}
	EndGlobalSection
EndGlobal
