
Microsoft Visual Studio Solution File, Format Version 12.00
# Visual Studio Version 17
VisualStudioVersion = 17.13.35818.85 d17.13
MinimumVisualStudioVersion = 10.0.40219.1
Project("{FAE04EC0-301F-11D3-BF4B-00C04F79EFBC}") = "NetCoreAPI_B", "NetCoreAPI_B\NetCoreAPI_B.csproj", "{B41ACC4F-A307-46A3-90C1-6E54C0FEDCBA}"
EndProject
Project("{FAE04EC0-301F-11D3-BF4B-00C04F79EFBC}") = "DB_Class", "DB_Class\DB_Class.csproj", "{31EE02B8-27C8-412B-B209-62E6DDE3DAB0}"
EndProject
Global
	GlobalSection(SolutionConfigurationPlatforms) = preSolution
		Debug|Any CPU = Debug|Any CPU
		Release|Any CPU = Release|Any CPU
	EndGlobalSection
	GlobalSection(ProjectConfigurationPlatforms) = postSolution
		{B41ACC4F-A307-46A3-90C1-6E54C0FEDCBA}.Debug|Any CPU.ActiveCfg = Debug|Any CPU
		{B41ACC4F-A307-46A3-90C1-6E54C0FEDCBA}.Debug|Any CPU.Build.0 = Debug|Any CPU
		{B41ACC4F-A307-46A3-90C1-6E54C0FEDCBA}.Release|Any CPU.ActiveCfg = Release|Any CPU
		{B41ACC4F-A307-46A3-90C1-6E54C0FEDCBA}.Release|Any CPU.Build.0 = Release|Any CPU
		{31EE02B8-27C8-412B-B209-62E6DDE3DAB0}.Debug|Any CPU.ActiveCfg = Debug|Any CPU
		{31EE02B8-27C8-412B-B209-62E6DDE3DAB0}.Debug|Any CPU.Build.0 = Debug|Any CPU
		{31EE02B8-27C8-412B-B209-62E6DDE3DAB0}.Release|Any CPU.ActiveCfg = Release|Any CPU
		{31EE02B8-27C8-412B-B209-62E6DDE3DAB0}.Release|Any CPU.Build.0 = Release|Any CPU
	EndGlobalSection
	GlobalSection(SolutionProperties) = preSolution
		HideSolutionNode = FALSE
	EndGlobalSection
	GlobalSection(ExtensibilityGlobals) = postSolution
		SolutionGuid = {6BC44DC4-B437-4FF8-A3A1-2711DFA0E346}
	EndGlobalSection
EndGlobal
